PODS:
  - Alamofire (4.7.2)
  - CocoaLumberjack/Default (3.4.2)
  - CocoaLumberjack/Swift (3.4.2):
    - CocoaLumberjack/Default
  - Crashlytics (3.10.3):
    - Fabric (~> 1.7.8)
  - Fabric (1.7.8)
  - KIF (3.7.3):
    - KIF/Core (= 3.7.3)
  - KIF/Core (3.7.3)
  - Reusable (4.0.2):
    - Reusable/Storyboard (= 4.0.2)
    - Reusable/View (= 4.0.2)
  - Reusable/Storyboard (4.0.2)
  - Reusable/View (4.0.2)
  - SwiftGen (5.3.0)
  - ThunderCats (2.1.0)

DEPENDENCIES:
  - Alamofire
  - CocoaLumberjack/Swift
  - Crashlytics
  - Fabric
  - KIF
  - Reusable
  - SwiftGen
  - ThunderCats

SPEC REPOS:
  https://github.com/cocoapods/specs.git:
    - Alamofire
    - CocoaLumberjack
    - Crashlytics
    - Fabric
    - KIF
    - Reusable
    - SwiftGen
    - ThunderCats

SPEC CHECKSUMS:
  Alamofire: e4fa87002c137ba2d8d634d2c51fabcda0d5c223
  CocoaLumberjack: db7cc9e464771f12054c22ff6947c5a58d43a0fd
  Crashlytics: 2aea305161a2122492698c75af27f2b98aa49a25
  Fabric: fba4684a95df789565b0b27fc5b6e68f1755af32
  KIF: 4c23b5d24dba24d3cb6dbb9c7d325b31e526ba4a
  Reusable: 584a5629747c52e0f6a77841b400dc2643f6fa0f
  SwiftGen: 4379bd3640b0a212a0f6ea3c494adba385513d10
  ThunderCats: 230e83861086834b920fd1402c2c8a0a5d958247

PODFILE CHECKSUM: 4e9c702dee59bce3d1444d6043700800eba45eb4

COCOAPODS: 1.5.3
